
Microsoft Visual Studio Solution File, Format Version 12.00
# Visual Studio Version 17
VisualStudioVersion = 17.1.32421.90
MinimumVisualStudioVersion = 10.0.40219.1
Project("{9A19103F-16F7-4668-BE54-9A1E7A4F7556}") = "OnlineShoppingSystem", "WebApplication2\OnlineShoppingSystem.csproj", "{BEE8DF5C-5C35-4BAA-8980-F00A40FB986B}"
EndProject
Global
	GlobalSection(SolutionConfigurationPlatforms) = preSolution
		Debug|Any CPU = Debug|Any CPU
		Release|Any CPU = Release|Any CPU
	EndGlobalSection
	GlobalSection(ProjectConfigurationPlatforms) = postSolution
		{BEE8DF5C-5C35-4BAA-8980-F00A40FB986B}.Debug|Any CPU.ActiveCfg = Debug|Any CPU
		{BEE8DF5C-5C35-4BAA-8980-F00A40FB986B}.Debug|Any CPU.Build.0 = Debug|Any CPU
		{BEE8DF5C-5C35-4BAA-8980-F00A40FB986B}.Release|Any CPU.ActiveCfg = Release|Any CPU
		{BEE8DF5C-5C35-4BAA-8980-F00A40FB986B}.Release|Any CPU.Build.0 = Release|Any CPU
	EndGlobalSection
	GlobalSection(SolutionProperties) = preSolution
		HideSolutionNode = FALSE
	EndGlobalSection
	GlobalSection(ExtensibilityGlobals) = postSolution
		SolutionGuid = {F024DFE7-DDB2-4A6F-9C28-6B2884DC33AA}
	EndGlobalSection
EndGlobal
